
Microsoft Visual Studio Solution File, Format Version 12.00
# Visual Studio 15
VisualStudioVersion = 15.0.28307.1972
MinimumVisualStudioVersion = 10.0.40219.1
Project("{FAE04EC0-301F-11D3-BF4B-00C04F79EFBC}") = "Linq", "Linq\Linq.csproj", "{59D864FE-B6E0-47C8-9886-BF095311ACE6}"
EndProject
Project("{FAE04EC0-301F-11D3-BF4B-00C04F79EFBC}") = "Linq.Tests", "Linq.Tests\Linq.Tests.csproj", "{7AE95F10-B903-41FE-80AB-5FBA3A14C850}"
EndProject
Global
	GlobalSection(SolutionConfigurationPlatforms) = preSolution
		Debug|Any CPU = Debug|Any CPU
		Release|Any CPU = Release|Any CPU
	EndGlobalSection
	GlobalSection(ProjectConfigurationPlatforms) = postSolution
		{59D864FE-B6E0-47C8-9886-BF095311ACE6}.Debug|Any CPU.ActiveCfg = Debug|Any CPU
		{59D864FE-B6E0-47C8-9886-BF095311ACE6}.Debug|Any CPU.Build.0 = Debug|Any CPU
		{59D864FE-B6E0-47C8-9886-BF095311ACE6}.Release|Any CPU.ActiveCfg = Release|Any CPU
		{59D864FE-B6E0-47C8-9886-BF095311ACE6}.Release|Any CPU.Build.0 = Release|Any CPU
		{7AE95F10-B903-41FE-80AB-5FBA3A14C850}.Debug|Any CPU.ActiveCfg = Debug|Any CPU
		{7AE95F10-B903-41FE-80AB-5FBA3A14C850}.Debug|Any CPU.Build.0 = Debug|Any CPU
		{7AE95F10-B903-41FE-80AB-5FBA3A14C850}.Release|Any CPU.ActiveCfg = Release|Any CPU
		{7AE95F10-B903-41FE-80AB-5FBA3A14C850}.Release|Any CPU.Build.0 = Release|Any CPU
	EndGlobalSection
	GlobalSection(SolutionProperties) = preSolution
		HideSolutionNode = FALSE
	EndGlobalSection
	GlobalSection(ExtensibilityGlobals) = postSolution
		SolutionGuid = {35F7CF5F-05BE-40DF-9F50-1A245CAD8DF1}
	EndGlobalSection
EndGlobal
